# THIS IS AN AUTOGENERATED FILE. DO NOT EDIT THIS FILE DIRECTLY.
# yarn lockfile v1


mitt@^3.0.1:
  version "3.0.1"
  resolved "https://registry.yarnpkg.com/mitt/-/mitt-3.0.1.tgz#ea36cf0cc30403601ae074c8f77b7092cdab36d1"
  integrity sha512-vKivATfr97l2/QBCYAkXYDbrIWPM2IIKEl7YPhjCvKlG3kE2gm+uBo6nEXK3M5/Ffh/FLpKExzOQ3JJoJGFKBw==

regexparam@^3.0.0:
  version "3.0.0"
  resolved "https://registry.yarnpkg.com/regexparam/-/regexparam-3.0.0.tgz#1673e09d41cb7fd41eaafd4040a6aa90daa0a21a"
  integrity sha512-RSYAtP31mvYLkAHrOlh25pCNQ5hWnT106VukGaaFfuJrZFkGRX5GhUAdPqpSDXxOhA2c4akmRuplv1mRqnBn6Q==

use-sync-external-store@^1.0.0:
  version "1.2.2"
  resolved "https://registry.yarnpkg.com/use-sync-external-store/-/use-sync-external-store-1.2.2.tgz#c3b6390f3a30eba13200d2302dcdf1e7b57b2ef9"
  integrity sha512-PElTlVMwpblvbNqQ82d2n6RjStvdSoNe9FG28kNfz3WiXilJm4DdNkEzRhCZuIDwY8U08WVihhGR5iRqAwfDiw==

wouter@^3.3.5:
  version "3.3.5"
  resolved "https://registry.yarnpkg.com/wouter/-/wouter-3.3.5.tgz#3298e29aa0c2f975a955339cfc378b869219340f"
  integrity sha512-bx3fLQAMn+EhYbBdY3W1gw9ZfO/uchudxYMwOIBzF3HVgqNEEIT199vEoh7FLTC0Vz5+rpMO6NdFsOkGX1QQCw==
  dependencies:
    mitt "^3.0.1"
    regexparam "^3.0.0"
    use-sync-external-store "^1.0.0"
